
Microsoft Visual Studio Solution File, Format Version 12.00
# Visual Studio Version 17
VisualStudioVersion = 17.7.34202.233
MinimumVisualStudioVersion = 10.0.40219.1
Project("{FAE04EC0-301F-11D3-BF4B-00C04F79EFBC}") = "Recipe_web_rest", "Recipe_web_rest\Recipe_web_rest.csproj", "{C28FD74F-CD43-4E57-B961-D154496F102B}"
EndProject
Global
	GlobalSection(SolutionConfigurationPlatforms) = preSolution
		Debug|Any CPU = Debug|Any CPU
		Release|Any CPU = Release|Any CPU
	EndGlobalSection
	GlobalSection(ProjectConfigurationPlatforms) = postSolution
		{C28FD74F-CD43-4E57-B961-D154496F102B}.Debug|Any CPU.ActiveCfg = Debug|Any CPU
		{C28FD74F-CD43-4E57-B961-D154496F102B}.Debug|Any CPU.Build.0 = Debug|Any CPU
		{C28FD74F-CD43-4E57-B961-D154496F102B}.Release|Any CPU.ActiveCfg = Release|Any CPU
		{C28FD74F-CD43-4E57-B961-D154496F102B}.Release|Any CPU.Build.0 = Release|Any CPU
	EndGlobalSection
	GlobalSection(SolutionProperties) = preSolution
		HideSolutionNode = FALSE
	EndGlobalSection
	GlobalSection(ExtensibilityGlobals) = postSolution
		SolutionGuid = {6D7E6622-4A46-491A-8B7B-0528485068A1}
	EndGlobalSection
EndGlobal
